// !$*UTF8*$!
{
	archiveVersion = 1;
	classes = {
	};
	objectVersion = 50;
	objects = {

/* Begin PBXGroup section */
		8D6A6B5B24A1951D00AC9F9F = {
			isa = PBXGroup;
			children = (
			);
			sourceTree = "<group>";
		};
/* End PBXGroup section */

/* Begin PBXProject section */
		8D6A6B5C24A1951D00AC9F9F /* Project object */ = {
			isa = PBXProject;
			attributes = {
				LastUpgradeCheck = 1150;
			};
			buildConfigurationList = 8D6A6B5F24A1951D00AC9F9F /* Build configuration list for PBXProject "LeetCodeRepo" */;
			compatibilityVersion = "Xcode 9.3";
			developmentRegion = en;
			hasScannedForEncodings = 0;
			knownRegions = (
				en,
				Base,
			);
			mainGroup = 8D6A6B5B24A1951D00AC9F9F;
			projectDirPath = "";
			projectRoot = "";
			targets = (
			);
		};
/* End PBXProject section */

/* Begin XCBuildConfiguration section */
		8D6A6B6024A1951D00AC9F9F /* Debug */ = {
			isa = XCBuildConfiguration;
			buildSettings = {
			};
			name = Debug;
		};
		8D6A6B6124A1951D00AC9F9F /* Release */ = {
			isa = XCBuildConfiguration;
			buildSettings = {
			};
			name = Release;
		};
/* End XCBuildConfiguration section */

/* Begin XCConfigurationList section */
		8D6A6B5F24A1951D00AC9F9F /* Build configuration list for PBXProject "LeetCodeRepo" */ = {
			isa = XCConfigurationList;
			buildConfigurations = (
				8D6A6B6024A1951D00AC9F9F /* Debug */,
				8D6A6B6124A1951D00AC9F9F /* Release */,
			);
			defaultConfigurationIsVisible = 0;
			defaultConfigurationName = Release;
		};
/* End XCConfigurationList section */
	};
	rootObject = 8D6A6B5C24A1951D00AC9F9F /* Project object */;
}
