// !$*UTF8*$!
{
	archiveVersion = 1;
	classes = {
	};
	objectVersion = 50;
	objects = {

/* Begin PBXFileReference section */
		8D2256CD25BE6D5A00259A0D /* 257. Binary Tree Paths.swift */ = {isa = PBXFileReference; lastKnownFileType = sourcecode.swift; path = "257. Binary Tree Paths.swift"; sourceTree = "<group>"; };
		8D3ACF2725B852DB00994980 /* 202. Happy Number.swift */ = {isa = PBXFileReference; lastKnownFileType = sourcecode.swift; path = "202. Happy Number.swift"; sourceTree = "<group>"; };
		8D3ACF2825B8657200994980 /* 191. Number of 1 Bits.swift */ = {isa = PBXFileReference; lastKnownFileType = sourcecode.swift; path = "191. Number of 1 Bits.swift"; sourceTree = "<group>"; };
		8D5B187224A37629002F1D1D /* 111. Minimum Depth of Binary Tree.swift */ = {isa = PBXFileReference; lastKnownFileType = sourcecode.swift; path = "111. Minimum Depth of Binary Tree.swift"; sourceTree = "<group>"; };
		8D6A6B6224A1954B00AC9F9F /* 1. Two Sum.swift */ = {isa = PBXFileReference; lastKnownFileType = sourcecode.swift; path = "1. Two Sum.swift"; sourceTree = "<group>"; };
		8D6A6B6324A1D7AC00AC9F9F /* 7. Reverse Integer.swift */ = {isa = PBXFileReference; lastKnownFileType = sourcecode.swift; path = "7. Reverse Integer.swift"; sourceTree = "<group>"; };
		8D6A6B6424A1D83E00AC9F9F /* 9. Palindrome Number.swift */ = {isa = PBXFileReference; lastKnownFileType = sourcecode.swift; path = "9. Palindrome Number.swift"; sourceTree = "<group>"; };
		8D6A6B6524A1D97500AC9F9F /* 13. Roman to Integer.swift */ = {isa = PBXFileReference; lastKnownFileType = sourcecode.swift; path = "13. Roman to Integer.swift"; sourceTree = "<group>"; };
		8D6A6B6624A1DA7000AC9F9F /* 14. Longest Common Prefix.swift */ = {isa = PBXFileReference; lastKnownFileType = sourcecode.swift; path = "14. Longest Common Prefix.swift"; sourceTree = "<group>"; };
		8D6A6B6724A1DB2A00AC9F9F /* 20. Valid Parentheses.swift */ = {isa = PBXFileReference; lastKnownFileType = sourcecode.swift; path = "20. Valid Parentheses.swift"; sourceTree = "<group>"; };
		8D6A6B6824A1DBC800AC9F9F /* 21. Merge Two Sorted Lists.swift */ = {isa = PBXFileReference; lastKnownFileType = sourcecode.swift; path = "21. Merge Two Sorted Lists.swift"; sourceTree = "<group>"; };
		8D6A6B6924A1DC1000AC9F9F /* 26. Remove Duplicates from Sorted Array.swift */ = {isa = PBXFileReference; lastKnownFileType = sourcecode.swift; path = "26. Remove Duplicates from Sorted Array.swift"; sourceTree = "<group>"; };
		8D6A6B6A24A1DCC500AC9F9F /* 27. Remove Element.swift */ = {isa = PBXFileReference; lastKnownFileType = sourcecode.swift; path = "27. Remove Element.swift"; sourceTree = "<group>"; };
		8D6A6B6B24A1DD5500AC9F9F /* 28. Implement strStr().swift */ = {isa = PBXFileReference; lastKnownFileType = sourcecode.swift; path = "28. Implement strStr().swift"; sourceTree = "<group>"; };
		8D6A6B6C24A1DDD200AC9F9F /* 35. Search Insert Position.swift */ = {isa = PBXFileReference; lastKnownFileType = sourcecode.swift; path = "35. Search Insert Position.swift"; sourceTree = "<group>"; };
		8D6A6B6D24A1DE4400AC9F9F /* 53. Maximum Subarray.swift */ = {isa = PBXFileReference; lastKnownFileType = sourcecode.swift; path = "53. Maximum Subarray.swift"; sourceTree = "<group>"; };
		8D6A6B6E24A1DEF300AC9F9F /* 58. Length of Last Word.swift */ = {isa = PBXFileReference; lastKnownFileType = sourcecode.swift; path = "58. Length of Last Word.swift"; sourceTree = "<group>"; };
		8D6A6B6F24A1DF4400AC9F9F /* 66. Plus One.swift */ = {isa = PBXFileReference; lastKnownFileType = sourcecode.swift; path = "66. Plus One.swift"; sourceTree = "<group>"; };
		8D6A6B7024A1DFB500AC9F9F /* 67. Add Binary.swift */ = {isa = PBXFileReference; lastKnownFileType = sourcecode.swift; path = "67. Add Binary.swift"; sourceTree = "<group>"; };
		8D6A6B7124A1E02500AC9F9F /* 69. Sqrt(x).swift */ = {isa = PBXFileReference; lastKnownFileType = sourcecode.swift; path = "69. Sqrt(x).swift"; sourceTree = "<group>"; };
		8D6A6B7224A1E0A000AC9F9F /* 70. Climbing Stairs.swift */ = {isa = PBXFileReference; lastKnownFileType = sourcecode.swift; path = "70. Climbing Stairs.swift"; sourceTree = "<group>"; };
		8D6A6B7324A1E0FE00AC9F9F /* 83. Remove Duplicates from Sorted List.swift */ = {isa = PBXFileReference; lastKnownFileType = sourcecode.swift; path = "83. Remove Duplicates from Sorted List.swift"; sourceTree = "<group>"; };
		8D6A6B7424A1E15700AC9F9F /* 88. Merge Sorted Array.swift */ = {isa = PBXFileReference; lastKnownFileType = sourcecode.swift; path = "88. Merge Sorted Array.swift"; sourceTree = "<group>"; };
		8D6A6B7524A1E1C100AC9F9F /* 100. Same Tree.swift */ = {isa = PBXFileReference; lastKnownFileType = sourcecode.swift; path = "100. Same Tree.swift"; sourceTree = "<group>"; };
		8D6A6B7624A1E23200AC9F9F /* 101. Symmetric Tree.swift */ = {isa = PBXFileReference; lastKnownFileType = sourcecode.swift; path = "101. Symmetric Tree.swift"; sourceTree = "<group>"; };
		8D6A6B7724A1E2A400AC9F9F /* 112. Path Sum.swift */ = {isa = PBXFileReference; lastKnownFileType = sourcecode.swift; path = "112. Path Sum.swift"; sourceTree = "<group>"; };
		8D6A6B7824A1E31800AC9F9F /* 118. Pascal's Triangle.swift */ = {isa = PBXFileReference; lastKnownFileType = sourcecode.swift; path = "118. Pascal's Triangle.swift"; sourceTree = "<group>"; };
		8D6A6B7924A1E3A100AC9F9F /* 119. Pascal's Triangle II.swift */ = {isa = PBXFileReference; lastKnownFileType = sourcecode.swift; path = "119. Pascal's Triangle II.swift"; sourceTree = "<group>"; };
		8D6A6B7A24A1E41F00AC9F9F /* 121. Best Time to Buy and Sell Stock.swift */ = {isa = PBXFileReference; lastKnownFileType = sourcecode.swift; path = "121. Best Time to Buy and Sell Stock.swift"; sourceTree = "<group>"; };
		8D6A6B7B24A1E47300AC9F9F /* 122. Best Time to Buy and Sell Stock II.swift */ = {isa = PBXFileReference; lastKnownFileType = sourcecode.swift; path = "122. Best Time to Buy and Sell Stock II.swift"; sourceTree = "<group>"; };
		8D6A6B7C24A1E4D700AC9F9F /* 136. Single Number.swift */ = {isa = PBXFileReference; lastKnownFileType = sourcecode.swift; path = "136. Single Number.swift"; sourceTree = "<group>"; };
		8D6A6B7D24A1E52500AC9F9F /* 169. Majority Element.swift */ = {isa = PBXFileReference; lastKnownFileType = sourcecode.swift; path = "169. Majority Element.swift"; sourceTree = "<group>"; };
		8D6A6B7E24A1E59800AC9F9F /* 190. Reverse Bits.swift */ = {isa = PBXFileReference; lastKnownFileType = sourcecode.swift; path = "190. Reverse Bits.swift"; sourceTree = "<group>"; };
		8D6A6B7F24A1E61300AC9F9F /* 226. Invert Binary Tree.swift */ = {isa = PBXFileReference; lastKnownFileType = sourcecode.swift; path = "226. Invert Binary Tree.swift"; sourceTree = "<group>"; };
		8D6A6B8024A1E69400AC9F9F /* 371. Sum of Two Integers.swift */ = {isa = PBXFileReference; lastKnownFileType = sourcecode.swift; path = "371. Sum of Two Integers.swift"; sourceTree = "<group>"; };
		8D6A6B8124A1E79F00AC9F9F /* 704. Binary Search.swift */ = {isa = PBXFileReference; lastKnownFileType = sourcecode.swift; path = "704. Binary Search.swift"; sourceTree = "<group>"; };
		8D6A6B8224A2095700AC9F9F /* 104. Maximum Depth of Binary Tree.swift */ = {isa = PBXFileReference; lastKnownFileType = sourcecode.swift; path = "104. Maximum Depth of Binary Tree.swift"; sourceTree = "<group>"; };
		8D6A6B8324A33A0600AC9F9F /* 108. Convert Sorted Array to Binary Search Tree.swift */ = {isa = PBXFileReference; lastKnownFileType = sourcecode.swift; path = "108. Convert Sorted Array to Binary Search Tree.swift"; sourceTree = "<group>"; };
		8D6A6B8424A35DF100AC9F9F /* 110. Balanced Binary Tree.swift */ = {isa = PBXFileReference; lastKnownFileType = sourcecode.swift; path = "110. Balanced Binary Tree.swift"; sourceTree = "<group>"; };
		8D803EE025BBDC200016A236 /* 509. Fibonacci Number.swift */ = {isa = PBXFileReference; lastKnownFileType = sourcecode.swift; path = "509. Fibonacci Number.swift"; sourceTree = "<group>"; };
		8D803EE225BC0B910016A236 /* 146. LRU Cache.swift */ = {isa = PBXFileReference; lastKnownFileType = sourcecode.swift; path = "146. LRU Cache.swift"; sourceTree = "<group>"; };
		8D803EE525BC447E0016A236 /* 200. Number of Islands.swift */ = {isa = PBXFileReference; lastKnownFileType = sourcecode.swift; path = "200. Number of Islands.swift"; sourceTree = "<group>"; };
		8D87323E25BD8110004C9256 /* 242. Valid Anagram.swift */ = {isa = PBXFileReference; lastKnownFileType = sourcecode.swift; path = "242. Valid Anagram.swift"; sourceTree = "<group>"; };
		8D87323F25BD896B004C9256 /* 49. Group Anagrams.swift */ = {isa = PBXFileReference; lastKnownFileType = sourcecode.swift; path = "49. Group Anagrams.swift"; sourceTree = "<group>"; };
		8D87324025BD8AD5004C9256 /* 1290. Convert Binary Number in a Linked List to Integer.swift */ = {isa = PBXFileReference; lastKnownFileType = sourcecode.swift; path = "1290. Convert Binary Number in a Linked List to Integer.swift"; sourceTree = "<group>"; };
		8D951B9225B7EACA00E28A8A /* 563. Binary Tree Tilt.swift */ = {isa = PBXFileReference; lastKnownFileType = sourcecode.swift; name = "563. Binary Tree Tilt.swift"; path = "Tree/563. Binary Tree Tilt.swift"; sourceTree = SOURCE_ROOT; };
		8D951B9325B7FDEB00E28A8A /* 303. Range Sum Query - Immutable.swift */ = {isa = PBXFileReference; lastKnownFileType = sourcecode.swift; path = "303. Range Sum Query - Immutable.swift"; sourceTree = "<group>"; };
		8D951B9425B8129400E28A8A /* 283. Move Zeroes.swift */ = {isa = PBXFileReference; lastKnownFileType = sourcecode.swift; path = "283. Move Zeroes.swift"; sourceTree = "<group>"; };
		8D951B9625B81A5400E28A8A /* 155. Min Stack.swift */ = {isa = PBXFileReference; lastKnownFileType = sourcecode.swift; path = "155. Min Stack.swift"; sourceTree = "<group>"; };
		8D951B9725B8297800E28A8A /* 234. Palindrome Linked List.swift */ = {isa = PBXFileReference; lastKnownFileType = sourcecode.swift; path = "234. Palindrome Linked List.swift"; sourceTree = "<group>"; };
		8D951B9825B82E3600E28A8A /* 206. Reverse Linked List.swift */ = {isa = PBXFileReference; lastKnownFileType = sourcecode.swift; path = "206. Reverse Linked List.swift"; sourceTree = "<group>"; };
		8D951B9925B8398100E28A8A /* 412. Fizz Buzz.swift */ = {isa = PBXFileReference; lastKnownFileType = sourcecode.swift; path = "412. Fizz Buzz.swift"; sourceTree = "<group>"; };
		8D951B9A25B83D5D00E28A8A /* 125. Valid Palindrome.swift */ = {isa = PBXFileReference; lastKnownFileType = sourcecode.swift; path = "125. Valid Palindrome.swift"; sourceTree = "<group>"; };
		8D96CB8025BAF90C000649EF /* 350. Intersection of Two Arrays II.swift */ = {isa = PBXFileReference; lastKnownFileType = sourcecode.swift; path = "350. Intersection of Two Arrays II.swift"; sourceTree = "<group>"; };
		8D994B5C25B9B5210065952C /* 204. Count Primes.swift */ = {isa = PBXFileReference; lastKnownFileType = sourcecode.swift; path = "204. Count Primes.swift"; sourceTree = "<group>"; };
		8D994B5D25B9C15C0065952C /* 268. Missing Number.swift */ = {isa = PBXFileReference; lastKnownFileType = sourcecode.swift; path = "268. Missing Number.swift"; sourceTree = "<group>"; };
		8D9975CF25BAB400007611B0 /* 237. Delete Node in a Linked List.swift */ = {isa = PBXFileReference; lastKnownFileType = sourcecode.swift; path = "237. Delete Node in a Linked List.swift"; sourceTree = "<group>"; };
		8D9975D025BACD38007611B0 /* 141. Linked List Cycle.swift */ = {isa = PBXFileReference; lastKnownFileType = sourcecode.swift; path = "141. Linked List Cycle.swift"; sourceTree = "<group>"; };
		8D9975D125BADAF6007611B0 /* 160. Intersection of Two Linked Lists.swift */ = {isa = PBXFileReference; lastKnownFileType = sourcecode.swift; path = "160. Intersection of Two Linked Lists.swift"; sourceTree = "<group>"; };
		8D9975D225BAE019007611B0 /* 349. Intersection of Two Arrays.swift */ = {isa = PBXFileReference; lastKnownFileType = sourcecode.swift; path = "349. Intersection of Two Arrays.swift"; sourceTree = "<group>"; };
		8DA1BE2E25C01C1600BEA3D5 /* 217. Contains Duplicate.swift */ = {isa = PBXFileReference; lastKnownFileType = sourcecode.swift; path = "217. Contains Duplicate.swift"; sourceTree = "<group>"; };
		8DA73DBD25B9501200595123 /* 344. Reverse String.swift */ = {isa = PBXFileReference; lastKnownFileType = sourcecode.swift; path = "344. Reverse String.swift"; sourceTree = "<group>"; };
		8DA73DBE25B95CAA00595123 /* 387. First Unique Character in a String.swift */ = {isa = PBXFileReference; lastKnownFileType = sourcecode.swift; path = "387. First Unique Character in a String.swift"; sourceTree = "<group>"; };
/* End PBXFileReference section */

/* Begin PBXGroup section */
		8D2256CC25BE6D3A00259A0D /* BackTracking */ = {
			isa = PBXGroup;
			children = (
				8D2256CD25BE6D5A00259A0D /* 257. Binary Tree Paths.swift */,
			);
			path = BackTracking;
			sourceTree = "<group>";
		};
		8D6A6B5B24A1951D00AC9F9F = {
			isa = PBXGroup;
			children = (
				8D87323D25BD8101004C9256 /* Anagrams */,
				8D803EE425BC446E0016A236 /* DFS */,
				8D803EE125BC0B800016A236 /* Design */,
				8D951B9525B81A3F00E28A8A /* Stack */,
				8D951B9125B7E87100E28A8A /* Bit Manipulation */,
				8D951B9025B7E81300E28A8A /* Math */,
				8D951B8F25B7E5D000E28A8A /* Tree */,
				8D951B8E25B7E57F00E28A8A /* Binary Search */,
				8D951B8D25B7E55300E28A8A /* String */,
				8D951B8C25B7E14A00E28A8A /* Linked List */,
				8D951B8B25B7E0D600E28A8A /* HashTable */,
				8D951B8A25B7E01D00E28A8A /* Array */,
				8DA73DBC25B94FDF00595123 /* TwoPointers */,
				8D951B8925B7DFD500E28A8A /* Dynamic Programming */,
			);
			sourceTree = "<group>";
		};
		8D803EE125BC0B800016A236 /* Design */ = {
			isa = PBXGroup;
			children = (
				8D803EE225BC0B910016A236 /* 146. LRU Cache.swift */,
			);
			path = Design;
			sourceTree = "<group>";
		};
		8D803EE425BC446E0016A236 /* DFS */ = {
			isa = PBXGroup;
			children = (
				8D2256CC25BE6D3A00259A0D /* BackTracking */,
				8D803EE525BC447E0016A236 /* 200. Number of Islands.swift */,
			);
			path = DFS;
			sourceTree = "<group>";
		};
		8D87323D25BD8101004C9256 /* Anagrams */ = {
			isa = PBXGroup;
			children = (
				8D87323F25BD896B004C9256 /* 49. Group Anagrams.swift */,
				8D87323E25BD8110004C9256 /* 242. Valid Anagram.swift */,
			);
			path = Anagrams;
			sourceTree = "<group>";
		};
		8D951B8925B7DFD500E28A8A /* Dynamic Programming */ = {
			isa = PBXGroup;
			children = (
				8D6A6B6D24A1DE4400AC9F9F /* 53. Maximum Subarray.swift */,
				8D6A6B7224A1E0A000AC9F9F /* 70. Climbing Stairs.swift */,
				8D6A6B7A24A1E41F00AC9F9F /* 121. Best Time to Buy and Sell Stock.swift */,
				8D951B9325B7FDEB00E28A8A /* 303. Range Sum Query - Immutable.swift */,
				8D803EE025BBDC200016A236 /* 509. Fibonacci Number.swift */,
			);
			path = "Dynamic Programming";
			sourceTree = "<group>";
		};
		8D951B8A25B7E01D00E28A8A /* Array */ = {
			isa = PBXGroup;
			children = (
				8D6A6B6224A1954B00AC9F9F /* 1. Two Sum.swift */,
				8D6A6B6924A1DC1000AC9F9F /* 26. Remove Duplicates from Sorted Array.swift */,
				8D6A6B6A24A1DCC500AC9F9F /* 27. Remove Element.swift */,
				8D6A6B6C24A1DDD200AC9F9F /* 35. Search Insert Position.swift */,
				8D6A6B6F24A1DF4400AC9F9F /* 66. Plus One.swift */,
				8D6A6B7424A1E15700AC9F9F /* 88. Merge Sorted Array.swift */,
				8D6A6B7824A1E31800AC9F9F /* 118. Pascal's Triangle.swift */,
				8D6A6B7924A1E3A100AC9F9F /* 119. Pascal's Triangle II.swift */,
				8D6A6B7B24A1E47300AC9F9F /* 122. Best Time to Buy and Sell Stock II.swift */,
				8D6A6B7D24A1E52500AC9F9F /* 169. Majority Element.swift */,
				8D994B5D25B9C15C0065952C /* 268. Missing Number.swift */,
				8D951B9425B8129400E28A8A /* 283. Move Zeroes.swift */,
			);
			path = Array;
			sourceTree = "<group>";
		};
		8D951B8B25B7E0D600E28A8A /* HashTable */ = {
			isa = PBXGroup;
			children = (
				8D6A6B7C24A1E4D700AC9F9F /* 136. Single Number.swift */,
				8D9975D125BADAF6007611B0 /* 160. Intersection of Two Linked Lists.swift */,
				8D3ACF2725B852DB00994980 /* 202. Happy Number.swift */,
				8D994B5C25B9B5210065952C /* 204. Count Primes.swift */,
				8D9975D225BAE019007611B0 /* 349. Intersection of Two Arrays.swift */,
				8D96CB8025BAF90C000649EF /* 350. Intersection of Two Arrays II.swift */,
				8DA73DBE25B95CAA00595123 /* 387. First Unique Character in a String.swift */,
				8DA1BE2E25C01C1600BEA3D5 /* 217. Contains Duplicate.swift */,
			);
			path = HashTable;
			sourceTree = "<group>";
		};
		8D951B8C25B7E14A00E28A8A /* Linked List */ = {
			isa = PBXGroup;
			children = (
				8D6A6B6824A1DBC800AC9F9F /* 21. Merge Two Sorted Lists.swift */,
				8D6A6B7324A1E0FE00AC9F9F /* 83. Remove Duplicates from Sorted List.swift */,
				8D9975D025BACD38007611B0 /* 141. Linked List Cycle.swift */,
				8D951B9825B82E3600E28A8A /* 206. Reverse Linked List.swift */,
				8D951B9725B8297800E28A8A /* 234. Palindrome Linked List.swift */,
				8D9975CF25BAB400007611B0 /* 237. Delete Node in a Linked List.swift */,
			);
			path = "Linked List";
			sourceTree = "<group>";
		};
		8D951B8D25B7E55300E28A8A /* String */ = {
			isa = PBXGroup;
			children = (
				8D6A6B6524A1D97500AC9F9F /* 13. Roman to Integer.swift */,
				8D6A6B6624A1DA7000AC9F9F /* 14. Longest Common Prefix.swift */,
				8D6A6B6724A1DB2A00AC9F9F /* 20. Valid Parentheses.swift */,
				8D6A6B6B24A1DD5500AC9F9F /* 28. Implement strStr().swift */,
				8D6A6B6E24A1DEF300AC9F9F /* 58. Length of Last Word.swift */,
				8D6A6B7024A1DFB500AC9F9F /* 67. Add Binary.swift */,
				8D951B9A25B83D5D00E28A8A /* 125. Valid Palindrome.swift */,
			);
			path = String;
			sourceTree = "<group>";
		};
		8D951B8E25B7E57F00E28A8A /* Binary Search */ = {
			isa = PBXGroup;
			children = (
				8D6A6B7124A1E02500AC9F9F /* 69. Sqrt(x).swift */,
				8D6A6B8124A1E79F00AC9F9F /* 704. Binary Search.swift */,
			);
			path = "Binary Search";
			sourceTree = "<group>";
		};
		8D951B8F25B7E5D000E28A8A /* Tree */ = {
			isa = PBXGroup;
			children = (
				8D6A6B7524A1E1C100AC9F9F /* 100. Same Tree.swift */,
				8D6A6B7624A1E23200AC9F9F /* 101. Symmetric Tree.swift */,
				8D6A6B8224A2095700AC9F9F /* 104. Maximum Depth of Binary Tree.swift */,
				8D6A6B8324A33A0600AC9F9F /* 108. Convert Sorted Array to Binary Search Tree.swift */,
				8D6A6B8424A35DF100AC9F9F /* 110. Balanced Binary Tree.swift */,
				8D5B187224A37629002F1D1D /* 111. Minimum Depth of Binary Tree.swift */,
				8D6A6B7724A1E2A400AC9F9F /* 112. Path Sum.swift */,
				8D6A6B7F24A1E61300AC9F9F /* 226. Invert Binary Tree.swift */,
				8D951B9225B7EACA00E28A8A /* 563. Binary Tree Tilt.swift */,
			);
			path = Tree;
			sourceTree = "<group>";
		};
		8D951B9025B7E81300E28A8A /* Math */ = {
			isa = PBXGroup;
			children = (
				8D6A6B6324A1D7AC00AC9F9F /* 7. Reverse Integer.swift */,
				8D6A6B6424A1D83E00AC9F9F /* 9. Palindrome Number.swift */,
				8D951B9925B8398100E28A8A /* 412. Fizz Buzz.swift */,
			);
			path = Math;
			sourceTree = "<group>";
		};
		8D951B9125B7E87100E28A8A /* Bit Manipulation */ = {
			isa = PBXGroup;
			children = (
				8D6A6B7E24A1E59800AC9F9F /* 190. Reverse Bits.swift */,
				8D3ACF2825B8657200994980 /* 191. Number of 1 Bits.swift */,
				8D6A6B8024A1E69400AC9F9F /* 371. Sum of Two Integers.swift */,
				8D87324025BD8AD5004C9256 /* 1290. Convert Binary Number in a Linked List to Integer.swift */,
			);
			path = "Bit Manipulation";
			sourceTree = "<group>";
		};
		8D951B9525B81A3F00E28A8A /* Stack */ = {
			isa = PBXGroup;
			children = (
				8D951B9625B81A5400E28A8A /* 155. Min Stack.swift */,
			);
			path = Stack;
			sourceTree = "<group>";
		};
		8DA73DBC25B94FDF00595123 /* TwoPointers */ = {
			isa = PBXGroup;
			children = (
				8DA73DBD25B9501200595123 /* 344. Reverse String.swift */,
			);
			path = TwoPointers;
			sourceTree = "<group>";
		};
/* End PBXGroup section */

/* Begin PBXProject section */
		8D6A6B5C24A1951D00AC9F9F /* Project object */ = {
			isa = PBXProject;
			attributes = {
				LastUpgradeCheck = 1150;
			};
			buildConfigurationList = 8D6A6B5F24A1951D00AC9F9F /* Build configuration list for PBXProject "LeetCodeRepo" */;
			compatibilityVersion = "Xcode 9.3";
			developmentRegion = en;
			hasScannedForEncodings = 0;
			knownRegions = (
				en,
				Base,
			);
			mainGroup = 8D6A6B5B24A1951D00AC9F9F;
			projectDirPath = "";
			projectRoot = "";
			targets = (
			);
		};
/* End PBXProject section */

/* Begin XCBuildConfiguration section */
		8D6A6B6024A1951D00AC9F9F /* Debug */ = {
			isa = XCBuildConfiguration;
			buildSettings = {
			};
			name = Debug;
		};
		8D6A6B6124A1951D00AC9F9F /* Release */ = {
			isa = XCBuildConfiguration;
			buildSettings = {
			};
			name = Release;
		};
/* End XCBuildConfiguration section */

/* Begin XCConfigurationList section */
		8D6A6B5F24A1951D00AC9F9F /* Build configuration list for PBXProject "LeetCodeRepo" */ = {
			isa = XCConfigurationList;
			buildConfigurations = (
				8D6A6B6024A1951D00AC9F9F /* Debug */,
				8D6A6B6124A1951D00AC9F9F /* Release */,
			);
			defaultConfigurationIsVisible = 0;
			defaultConfigurationName = Release;
		};
/* End XCConfigurationList section */
	};
	rootObject = 8D6A6B5C24A1951D00AC9F9F /* Project object */;
}
